// !$*UTF8*$!
{
	archiveVersion = 1;
	classes = {
	};
	objectVersion = 46;
	objects = {

/* Begin PBXBuildFile section */
		FF43A2971CE392FE0077C0F2 /* AppDelegate.swift in Sources */ = {isa = PBXBuildFile; fileRef = FF43A2961CE392FE0077C0F2 /* AppDelegate.swift */; };
		FF43A29C1CE392FE0077C0F2 /* Main.storyboard in Resources */ = {isa = PBXBuildFile; fileRef = FF43A29A1CE392FE0077C0F2 /* Main.storyboard */; };
		FF43A29E1CE392FE0077C0F2 /* Assets.xcassets in Resources */ = {isa = PBXBuildFile; fileRef = FF43A29D1CE392FE0077C0F2 /* Assets.xcassets */; };
		FF43A2A11CE392FE0077C0F2 /* LaunchScreen.storyboard in Resources */ = {isa = PBXBuildFile; fileRef = FF43A29F1CE392FE0077C0F2 /* LaunchScreen.storyboard */; };
		FF43A2A91CE39AD60077C0F2 /* PlaylistTableViewController.swift in Sources */ = {isa = PBXBuildFile; fileRef = FF43A2A81CE39AD60077C0F2 /* PlaylistTableViewController.swift */; };
		FF43A2AB1CE39AED0077C0F2 /* SongTableViewController.swift in Sources */ = {isa = PBXBuildFile; fileRef = FF43A2AA1CE39AED0077C0F2 /* SongTableViewController.swift */; };
		FF43A2AD1CE3A09E0077C0F2 /* Song.swift in Sources */ = {isa = PBXBuildFile; fileRef = FF43A2AC1CE3A09E0077C0F2 /* Song.swift */; };
		FF43A2AF1CE3A0B20077C0F2 /* Playlist.swift in Sources */ = {isa = PBXBuildFile; fileRef = FF43A2AE1CE3A0B20077C0F2 /* Playlist.swift */; };
		FF43A2B31CE3A55A0077C0F2 /* SongController.swift in Sources */ = {isa = PBXBuildFile; fileRef = FF43A2B21CE3A55A0077C0F2 /* SongController.swift */; };
		FF43A2B51CE3A5690077C0F2 /* PlaylistController.swift in Sources */ = {isa = PBXBuildFile; fileRef = FF43A2B41CE3A5690077C0F2 /* PlaylistController.swift */; };
/* End PBXBuildFile section */

/* Begin PBXFileReference section */
		FF43A2931CE392FE0077C0F2 /* Playlist.app */ = {isa = PBXFileReference; explicitFileType = wrapper.application; includeInIndex = 0; path = Playlist.app; sourceTree = BUILT_PRODUCTS_DIR; };
		FF43A2961CE392FE0077C0F2 /* AppDelegate.swift */ = {isa = PBXFileReference; lastKnownFileType = sourcecode.swift; path = AppDelegate.swift; sourceTree = "<group>"; };
		FF43A29B1CE392FE0077C0F2 /* Base */ = {isa = PBXFileReference; lastKnownFileType = file.storyboard; name = Base; path = Base.lproj/Main.storyboard; sourceTree = "<group>"; };
		FF43A29D1CE392FE0077C0F2 /* Assets.xcassets */ = {isa = PBXFileReference; lastKnownFileType = folder.assetcatalog; path = Assets.xcassets; sourceTree = "<group>"; };
		FF43A2A01CE392FE0077C0F2 /* Base */ = {isa = PBXFileReference; lastKnownFileType = file.storyboard; name = Base; path = Base.lproj/LaunchScreen.storyboard; sourceTree = "<group>"; };
		FF43A2A21CE392FE0077C0F2 /* Info.plist */ = {isa = PBXFileReference; lastKnownFileType = text.plist.xml; path = Info.plist; sourceTree = "<group>"; };
		FF43A2A81CE39AD60077C0F2 /* PlaylistTableViewController.swift */ = {isa = PBXFileReference; fileEncoding = 4; lastKnownFileType = sourcecode.swift; path = PlaylistTableViewController.swift; sourceTree = "<group>"; };
		FF43A2AA1CE39AED0077C0F2 /* SongTableViewController.swift */ = {isa = PBXFileReference; fileEncoding = 4; lastKnownFileType = sourcecode.swift; path = SongTableViewController.swift; sourceTree = "<group>"; };
		FF43A2AC1CE3A09E0077C0F2 /* Song.swift */ = {isa = PBXFileReference; fileEncoding = 4; lastKnownFileType = sourcecode.swift; path = Song.swift; sourceTree = "<group>"; };
		FF43A2AE1CE3A0B20077C0F2 /* Playlist.swift */ = {isa = PBXFileReference; fileEncoding = 4; lastKnownFileType = sourcecode.swift; path = Playlist.swift; sourceTree = "<group>"; };
		FF43A2B21CE3A55A0077C0F2 /* SongController.swift */ = {isa = PBXFileReference; fileEncoding = 4; lastKnownFileType = sourcecode.swift; path = SongController.swift; sourceTree = "<group>"; };
		FF43A2B41CE3A5690077C0F2 /* PlaylistController.swift */ = {isa = PBXFileReference; fileEncoding = 4; lastKnownFileType = sourcecode.swift; path = PlaylistController.swift; sourceTree = "<group>"; };
/* End PBXFileReference section */

/* Begin PBXFrameworksBuildPhase section */
		FF43A2901CE392FE0077C0F2 /* Frameworks */ = {
			isa = PBXFrameworksBuildPhase;
			buildActionMask = 2147483647;
			files = (
			);
			runOnlyForDeploymentPostprocessing = 0;
		};
/* End PBXFrameworksBuildPhase section */

/* Begin PBXGroup section */
		FF43A28A1CE392FE0077C0F2 = {
			isa = PBXGroup;
			children = (
				FF43A2951CE392FE0077C0F2 /* Playlist */,
				FF43A2941CE392FE0077C0F2 /* Products */,
			);
			sourceTree = "<group>";
		};
		FF43A2941CE392FE0077C0F2 /* Products */ = {
			isa = PBXGroup;
			children = (
				FF43A2931CE392FE0077C0F2 /* Playlist.app */,
			);
			name = Products;
			sourceTree = "<group>";
		};
		FF43A2951CE392FE0077C0F2 /* Playlist */ = {
			isa = PBXGroup;
			children = (
				FF43A2961CE392FE0077C0F2 /* AppDelegate.swift */,
				FF43A2B11CE3A0DC0077C0F2 /* ViewController */,
				FF43A2B61CE3A56E0077C0F2 /* Model Controller */,
				FF43A2B01CE3A0BE0077C0F2 /* Model */,
				FF43A29A1CE392FE0077C0F2 /* Main.storyboard */,
				FF43A29D1CE392FE0077C0F2 /* Assets.xcassets */,
				FF43A29F1CE392FE0077C0F2 /* LaunchScreen.storyboard */,
				FF43A2A21CE392FE0077C0F2 /* Info.plist */,
			);
			path = Playlist;
			sourceTree = "<group>";
		};
		FF43A2B01CE3A0BE0077C0F2 /* Model */ = {
			isa = PBXGroup;
			children = (
				FF43A2AE1CE3A0B20077C0F2 /* Playlist.swift */,
				FF43A2AC1CE3A09E0077C0F2 /* Song.swift */,
			);
			name = Model;
			sourceTree = "<group>";
		};
		FF43A2B11CE3A0DC0077C0F2 /* ViewController */ = {
			isa = PBXGroup;
			children = (
				FF43A2A81CE39AD60077C0F2 /* PlaylistTableViewController.swift */,
				FF43A2AA1CE39AED0077C0F2 /* SongTableViewController.swift */,
			);
			name = ViewController;
			sourceTree = "<group>";
		};
		FF43A2B61CE3A56E0077C0F2 /* Model Controller */ = {
			isa = PBXGroup;
			children = (
				FF43A2B21CE3A55A0077C0F2 /* SongController.swift */,
				FF43A2B41CE3A5690077C0F2 /* PlaylistController.swift */,
			);
			name = "Model Controller";
			sourceTree = "<group>";
		};
/* End PBXGroup section */

/* Begin PBXNativeTarget section */
		FF43A2921CE392FE0077C0F2 /* Playlist */ = {
			isa = PBXNativeTarget;
			buildConfigurationList = FF43A2A51CE392FE0077C0F2 /* Build configuration list for PBXNativeTarget "Playlist" */;
			buildPhases = (
				FF43A28F1CE392FE0077C0F2 /* Sources */,
				FF43A2901CE392FE0077C0F2 /* Frameworks */,
				FF43A2911CE392FE0077C0F2 /* Resources */,
			);
			buildRules = (
			);
			dependencies = (
			);
			name = Playlist;
			productName = Playlist;
			productReference = FF43A2931CE392FE0077C0F2 /* Playlist.app */;
			productType = "com.apple.product-type.application";
		};
/* End PBXNativeTarget section */

/* Begin PBXProject section */
		FF43A28B1CE392FE0077C0F2 /* Project object */ = {
			isa = PBXProject;
			attributes = {
				LastSwiftUpdateCheck = 0730;
				LastUpgradeCheck = 0730;
				ORGANIZATIONNAME = "Ross McIlwaine";
				TargetAttributes = {
					FF43A2921CE392FE0077C0F2 = {
						CreatedOnToolsVersion = 7.3.1;
					};
				};
			};
			buildConfigurationList = FF43A28E1CE392FE0077C0F2 /* Build configuration list for PBXProject "Playlist" */;
			compatibilityVersion = "Xcode 3.2";
			developmentRegion = English;
			hasScannedForEncodings = 0;
			knownRegions = (
				en,
				Base,
			);
			mainGroup = FF43A28A1CE392FE0077C0F2;
			productRefGroup = FF43A2941CE392FE0077C0F2 /* Products */;
			projectDirPath = "";
			projectRoot = "";
			targets = (
				FF43A2921CE392FE0077C0F2 /* Playlist */,
			);
		};
/* End PBXProject section */

/* Begin PBXResourcesBuildPhase section */
		FF43A2911CE392FE0077C0F2 /* Resources */ = {
			isa = PBXResourcesBuildPhase;
			buildActionMask = 2147483647;
			files = (
				FF43A2A11CE392FE0077C0F2 /* LaunchScreen.storyboard in Resources */,
				FF43A29E1CE392FE0077C0F2 /* Assets.xcassets in Resources */,
				FF43A29C1CE392FE0077C0F2 /* Main.storyboard in Resources */,
			);
			runOnlyForDeploymentPostprocessing = 0;
		};
/* End PBXResourcesBuildPhase section */

/* Begin PBXSourcesBuildPhase section */
		FF43A28F1CE392FE0077C0F2 /* Sources */ = {
			isa = PBXSourcesBuildPhase;
			buildActionMask = 2147483647;
			files = (
				FF43A2B31CE3A55A0077C0F2 /* SongController.swift in Sources */,
				FF43A2AD1CE3A09E0077C0F2 /* Song.swift in Sources */,
				FF43A2971CE392FE0077C0F2 /* AppDelegate.swift in Sources */,
				FF43A2AB1CE39AED0077C0F2 /* SongTableViewController.swift in Sources */,
				FF43A2A91CE39AD60077C0F2 /* PlaylistTableViewController.swift in Sources */,
				FF43A2AF1CE3A0B20077C0F2 /* Playlist.swift in Sources */,
				FF43A2B51CE3A5690077C0F2 /* PlaylistController.swift in Sources */,
			);
			runOnlyForDeploymentPostprocessing = 0;
		};
/* End PBXSourcesBuildPhase section */

/* Begin PBXVariantGroup section */
		FF43A29A1CE392FE0077C0F2 /* Main.storyboard */ = {
			isa = PBXVariantGroup;
			children = (
				FF43A29B1CE392FE0077C0F2 /* Base */,
			);
			name = Main.storyboard;
			sourceTree = "<group>";
		};
		FF43A29F1CE392FE0077C0F2 /* LaunchScreen.storyboard */ = {
			isa = PBXVariantGroup;
			children = (
				FF43A2A01CE392FE0077C0F2 /* Base */,
			);
			name = LaunchScreen.storyboard;
			sourceTree = "<group>";
		};
/* End PBXVariantGroup section */

/* Begin XCBuildConfiguration section */
		FF43A2A31CE392FE0077C0F2 /* Debug */ = {
			isa = XCBuildConfiguration;
			buildSettings = {
				ALWAYS_SEARCH_USER_PATHS = NO;
				CLANG_ANALYZER_NONNULL = YES;
				CLANG_CXX_LANGUAGE_STANDARD = "gnu++0x";
				CLANG_CXX_LIBRARY = "libc++";
				CLANG_ENABLE_MODULES = YES;
				CLANG_ENABLE_OBJC_ARC = YES;
				CLANG_WARN_BOOL_CONVERSION = YES;
				CLANG_WARN_CONSTANT_CONVERSION = YES;
				CLANG_WARN_DIRECT_OBJC_ISA_USAGE = YES_ERROR;
				CLANG_WARN_EMPTY_BODY = YES;
				CLANG_WARN_ENUM_CONVERSION = YES;
				CLANG_WARN_INT_CONVERSION = YES;
				CLANG_WARN_OBJC_ROOT_CLASS = YES_ERROR;
				CLANG_WARN_UNREACHABLE_CODE = YES;
				CLANG_WARN__DUPLICATE_METHOD_MATCH = YES;
				"CODE_SIGN_IDENTITY[sdk=iphoneos*]" = "iPhone Developer";
				COPY_PHASE_STRIP = NO;
				DEBUG_INFORMATION_FORMAT = dwarf;
				ENABLE_STRICT_OBJC_MSGSEND = YES;
				ENABLE_TESTABILITY = YES;
				GCC_C_LANGUAGE_STANDARD = gnu99;
				GCC_DYNAMIC_NO_PIC = NO;
				GCC_NO_COMMON_BLOCKS = YES;
				GCC_OPTIMIZATION_LEVEL = 0;
				GCC_PREPROCESSOR_DEFINITIONS = (
					"DEBUG=1",
					"$(inherited)",
				);
				GCC_WARN_64_TO_32_BIT_CONVERSION = YES;
				GCC_WARN_ABOUT_RETURN_TYPE = YES_ERROR;
				GCC_WARN_UNDECLARED_SELECTOR = YES;
				GCC_WARN_UNINITIALIZED_AUTOS = YES_AGGRESSIVE;
				GCC_WARN_UNUSED_FUNCTION = YES;
				GCC_WARN_UNUSED_VARIABLE = YES;
				IPHONEOS_DEPLOYMENT_TARGET = 9.3;
				MTL_ENABLE_DEBUG_INFO = YES;
				ONLY_ACTIVE_ARCH = YES;
				SDKROOT = iphoneos;
				SWIFT_OPTIMIZATION_LEVEL = "-Onone";
			};
			name = Debug;
		};
		FF43A2A41CE392FE0077C0F2 /* Release */ = {
			isa = XCBuildConfiguration;
			buildSettings = {
				ALWAYS_SEARCH_USER_PATHS = NO;
				CLANG_ANALYZER_NONNULL = YES;
				CLANG_CXX_LANGUAGE_STANDARD = "gnu++0x";
				CLANG_CXX_LIBRARY = "libc++";
				CLANG_ENABLE_MODULES = YES;
				CLANG_ENABLE_OBJC_ARC = YES;
				CLANG_WARN_BOOL_CONVERSION = YES;
				CLANG_WARN_CONSTANT_CONVERSION = YES;
				CLANG_WARN_DIRECT_OBJC_ISA_USAGE = YES_ERROR;
				CLANG_WARN_EMPTY_BODY = YES;
				CLANG_WARN_ENUM_CONVERSION = YES;
				CLANG_WARN_INT_CONVERSION = YES;
				CLANG_WARN_OBJC_ROOT_CLASS = YES_ERROR;
				CLANG_WARN_UNREACHABLE_CODE = YES;
				CLANG_WARN__DUPLICATE_METHOD_MATCH = YES;
				"CODE_SIGN_IDENTITY[sdk=iphoneos*]" = "iPhone Developer";
				COPY_PHASE_STRIP = NO;
				DEBUG_INFORMATION_FORMAT = "dwarf-with-dsym";
				ENABLE_NS_ASSERTIONS = NO;
				ENABLE_STRICT_OBJC_MSGSEND = YES;
				GCC_C_LANGUAGE_STANDARD = gnu99;
				GCC_NO_COMMON_BLOCKS = YES;
				GCC_WARN_64_TO_32_BIT_CONVERSION = YES;
				GCC_WARN_ABOUT_RETURN_TYPE = YES_ERROR;
				GCC_WARN_UNDECLARED_SELECTOR = YES;
				GCC_WARN_UNINITIALIZED_AUTOS = YES_AGGRESSIVE;
				GCC_WARN_UNUSED_FUNCTION = YES;
				GCC_WARN_UNUSED_VARIABLE = YES;
				IPHONEOS_DEPLOYMENT_TARGET = 9.3;
				MTL_ENABLE_DEBUG_INFO = NO;
				SDKROOT = iphoneos;
				VALIDATE_PRODUCT = YES;
			};
			name = Release;
		};
		FF43A2A61CE392FE0077C0F2 /* Debug */ = {
			isa = XCBuildConfiguration;
			buildSettings = {
				ASSETCATALOG_COMPILER_APPICON_NAME = AppIcon;
				INFOPLIST_FILE = Playlist/Info.plist;
				LD_RUNPATH_SEARCH_PATHS = "$(inherited) @executable_path/Frameworks";
				PRODUCT_BUNDLE_IDENTIFIER = com.rossmcilwaine.Playlist;
				PRODUCT_NAME = "$(TARGET_NAME)";
			};
			name = Debug;
		};
		FF43A2A71CE392FE0077C0F2 /* Release */ = {
			isa = XCBuildConfiguration;
			buildSettings = {
				ASSETCATALOG_COMPILER_APPICON_NAME = AppIcon;
				INFOPLIST_FILE = Playlist/Info.plist;
				LD_RUNPATH_SEARCH_PATHS = "$(inherited) @executable_path/Frameworks";
				PRODUCT_BUNDLE_IDENTIFIER = com.rossmcilwaine.Playlist;
				PRODUCT_NAME = "$(TARGET_NAME)";
			};
			name = Release;
		};
/* End XCBuildConfiguration section */

/* Begin XCConfigurationList section */
		FF43A28E1CE392FE0077C0F2 /* Build configuration list for PBXProject "Playlist" */ = {
			isa = XCConfigurationList;
			buildConfigurations = (
				FF43A2A31CE392FE0077C0F2 /* Debug */,
				FF43A2A41CE392FE0077C0F2 /* Release */,
			);
			defaultConfigurationIsVisible = 0;
			defaultConfigurationName = Release;
		};
		FF43A2A51CE392FE0077C0F2 /* Build configuration list for PBXNativeTarget "Playlist" */ = {
			isa = XCConfigurationList;
			buildConfigurations = (
				FF43A2A61CE392FE0077C0F2 /* Debug */,
				FF43A2A71CE392FE0077C0F2 /* Release */,
			);
			defaultConfigurationIsVisible = 0;
		};
/* End XCConfigurationList section */
	};
	rootObject = FF43A28B1CE392FE0077C0F2 /* Project object */;
}
